hash: 04b76026c49b1ab7a9cebf3ff1fe1338084c31a35892b4795bc9658572430262
updated: 2017-12-12T11:48:30.365431497+08:00
imports:
- name: github.com/btcsuite/btcd
  version: 9f962b60d68c1e0d7ccfc9898c9c5b514253d753
  subpackages:
  - btcec
  - chaincfg
  - chaincfg/chainhash
  - wire
- name: github.com/btcsuite/btcutil
  version: 96e858f48ed95f9245e765d98be0ee01176409c7
  subpackages:
  - base58
  - hdkeychain
- name: github.com/btcsuite/fastsha256
  version: 637e656429416087660c84436a2a035d69d54e2e
- name: github.com/btcsuite/golangcrypto
  version: 53f62d9b43e87a6c56975cf862af7edf33a8d0df
  subpackages:
  - ripemd160
- name: github.com/nii236/go-bip39
  version: 859971db0904ac8a932609a858add3da440bf087
- name: github.com/urfave/cli
  version: 119bb6564841921ce6f1401e0f5d75317bdd9f4d
- name: golang.org/x/crypto
  version: 9477e0b78b9ac3d0b03822fd95422e2fe07627cd
  subpackages:
  - pbkdf2
- name: gopkg.in/urfave/cli.v2
  version: b2bf3c5abeb90da407891aecd1df2c5a1f6170c1
testImports: []
